<?xml version="1.0" encoding="UTF-8" standalone="yes" ?>
<CodeBlocks_project_file>
	<FileVersion major="1" minor="6" />
	<Project>
		<Option title="GraphiqueEngine" />
		<Option pch_mode="2" />
		<Option compiler="gcc" />
		<Build>
			<Target title="Debug">
				<Option output="bin/Debug/GraphiqueEngine" prefix_auto="1" extension_auto="1" />
				<Option object_output="obj/Debug/" />
				<Option type="1" />
				<Option compiler="gcc" />
				<Compiler>
					<Add option="-g" />
					<Add directory="./include" />
					<Add directory="../../../Sources/irrlicht-1.6.1/include" />
				</Compiler>
				<Linker>
					<Add library="lib/liblibkutility.so" />
					<Add library="lib/libkadriciel.a" />
					<Add library="Irrlicht" />
					<Add library="GL" />
					<Add library="GLU" />
					<Add library="Xxf86vm" />
					<Add library="Xext" />
					<Add library="X11" />
					<Add directory="lib" />
					<Add directory="../../../Sources/irrlicht-1.6.1/lib/linux" />
					<Add directory="/usr/X11R6/lib$(LIBSELECT)" />
				</Linker>
			</Target>
			<Target title="Release">
				<Option output="bin/Release/GraphiqueEngine" prefix_auto="1" extension_auto="1" />
				<Option object_output="obj/Release/" />
				<Option type="1" />
				<Option compiler="gcc" />
				<Compiler>
					<Add option="-O2" />
				</Compiler>
				<Linker>
					<Add option="-s" />
				</Linker>
			</Target>
		</Build>
		<Compiler>
			<Add option="-Wall" />
			<Add directory="./include" />
		</Compiler>
		<Linker>
			<Add library="lib/libkadriciel.a" />
			<Add library="lib/liblibkutility.so" />
			<Add directory="./lib" />
		</Linker>
		<Unit filename="main.cpp" />
		<Unit filename="src/Action/Actions.h" />
		<Unit filename="src/Action/Close.h" />
		<Unit filename="src/Action/EGraphique.h" />
		<Unit filename="src/Action/IGraphiqueAction.h" />
		<Unit filename="src/Action/LoadEditor.h" />
		<Unit filename="src/Action/LoadLoading.h" />
		<Unit filename="src/Action/LoadMenu.h" />
		<Unit filename="src/Action/LoadView2d.h" />
		<Unit filename="src/Action/LoadView3d.h" />
		<Unit filename="src/Business/Accessories/AccessoryEntity.h" />
		<Unit filename="src/Business/Accessories/AccessoryFactory.h" />
		<Unit filename="src/Business/Accessories/AccessoryService.h" />
		<Unit filename="src/Business/Accessories/IAccessoryEntity.h" />
		<Unit filename="src/Business/Accessories/IAccessoryService.h" />
		<Unit filename="src/Business/Building/BuildingEntity.cpp" />
		<Unit filename="src/Business/Building/BuildingEntity.h" />
		<Unit filename="src/Business/Building/BuildingFactory.h" />
		<Unit filename="src/Business/Building/BuildingService.h" />
		<Unit filename="src/Business/Building/IBuildingEntity.h" />
		<Unit filename="src/Business/Building/IBuildingService.h" />
		<Unit filename="src/Business/Building/Unite/Action/Build.h" />
		<Unit filename="src/Business/Building/Unite/Action/IAction.h" />
		<Unit filename="src/Business/Building/Unite/BuildingUnite.h" />
		<Unit filename="src/Business/Building/Unite/BuildingUniteFactory.h" />
		<Unit filename="src/Business/Building/Unite/IBuildingUnite.h" />
		<Unit filename="src/Business/BusinessEntity.h" />
		<Unit filename="src/Business/BusinessFactory.h" />
		<Unit filename="src/Business/BusinessInterface.h" />
		<Unit filename="src/Business/BusinessService.h" />
		<Unit filename="src/Business/Event/EActionEvent.h" />
		<Unit filename="src/Business/Ground/GroundEntity.cpp" />
		<Unit filename="src/Business/Ground/GroundEntity.h" />
		<Unit filename="src/Business/Ground/GroundFactory.h" />
		<Unit filename="src/Business/Ground/GroundService.h" />
		<Unit filename="src/Business/Ground/IGroundEntity.h" />
		<Unit filename="src/Business/Ground/IGroundService.h" />
		<Unit filename="src/Business/IBusinessEntity.h" />
		<Unit filename="src/Business/Player/IPlayerEntity.h" />
		<Unit filename="src/Business/Player/IPlayerService.h" />
		<Unit filename="src/Business/Player/PlayerEntity.h" />
		<Unit filename="src/Business/Player/PlayerFactory.h" />
		<Unit filename="src/Business/Player/PlayerService.h" />
		<Unit filename="src/Business/Population/Character/Action/Actions.h" />
		<Unit filename="src/Business/Population/Character/Action/DeplaceX.h" />
		<Unit filename="src/Business/Population/Character/Action/DeplaceY.h" />
		<Unit filename="src/Business/Population/Character/Action/DeplaceZ.h" />
		<Unit filename="src/Business/Population/Character/Action/IAction.h" />
		<Unit filename="src/Business/Population/Character/CharacterEntity.cpp" />
		<Unit filename="src/Business/Population/Character/CharacterEntity.h" />
		<Unit filename="src/Business/Population/Character/CharacterFactory.h" />
		<Unit filename="src/Business/Population/Character/ICharacterEntity.h" />
		<Unit filename="src/Business/Population/IPopulationEntity.h" />
		<Unit filename="src/Business/Population/IPopulationService.h" />
		<Unit filename="src/Business/Population/PopulationEntity.h" />
		<Unit filename="src/Business/Population/PopulationFactory.h" />
		<Unit filename="src/Business/Population/PopulationService.h" />
		<Unit filename="src/Business/Sky/ISkyEntity.h" />
		<Unit filename="src/Business/Sky/ISkyService.h" />
		<Unit filename="src/Business/Sky/SkyEntity.cpp" />
		<Unit filename="src/Business/Sky/SkyEntity.h" />
		<Unit filename="src/Business/Sky/SkyFactory.h" />
		<Unit filename="src/Business/Sky/SkyService.h" />
		<Unit filename="src/GraphiqueEngine.h" />
		<Unit filename="src/GraphiqueEngineFactory.h" />
		<Unit filename="src/IGraphiqueEngine.h" />
		<Unit filename="src/Kutility/IReferenceStructure.h" />
		<Unit filename="src/Kutility/TList/TList.h" />
		<Unit filename="src/Kutility/TList/TListe.cpp" />
		<Unit filename="src/Kutility/TList/TNoeudListe.cpp" />
		<Unit filename="src/Kutility/TList/TNoeudListe.h" />
		<Unit filename="src/Kutility/TMap/TMap.cpp" />
		<Unit filename="src/Kutility/TMap/TMap.h" />
		<Unit filename="src/Kutility/TMap/TNoeudMap.cpp" />
		<Unit filename="src/Kutility/TMap/TNoeudMap.h" />
		<Unit filename="src/Kutility/Vector3d/IVector3d.h" />
		<Unit filename="src/Kutility/Vector3d/Vector3d.h" />
		<Unit filename="src/Kutility/kutility.h" />
		<Unit filename="src/Media/Mesh/EMesh.h" />
		<Unit filename="src/Media/Texture/ETexture.h" />
		<Unit filename="src/View/Action/Actions.h" />
		<Unit filename="src/View/Action/CloseWindows.h" />
		<Unit filename="src/View/Action/EView.h" />
		<Unit filename="src/View/Action/IAction.h" />
		<Unit filename="src/View/Action/ModeEditor.h" />
		<Unit filename="src/View/Building/BuildingEntity.h" />
		<Unit filename="src/View/Building/BuildingFactory.h" />
		<Unit filename="src/View/Building/BuildingService.h" />
		<Unit filename="src/View/Building/BuildingServiceFactory.h" />
		<Unit filename="src/View/Building/IBuildingEntity.h" />
		<Unit filename="src/View/Building/IBuildingService.h" />
		<Unit filename="src/View/Camera/Camera.h" />
		<Unit filename="src/View/Camera/CameraFactory.h" />
		<Unit filename="src/View/Camera/CameraService.h" />
		<Unit filename="src/View/Camera/CameraServiceFactory.h" />
		<Unit filename="src/View/Camera/ICamera.h" />
		<Unit filename="src/View/Camera/ICameraService.h" />
		<Unit filename="src/View/Cursor/Action/Actions.h" />
		<Unit filename="src/View/Cursor/Action/EmieCount.h" />
		<Unit filename="src/View/Cursor/Action/EmieDoubleClick.h" />
		<Unit filename="src/View/Cursor/Action/EmieLMouseLeftUp.h" />
		<Unit filename="src/View/Cursor/Action/EmieLMousePressedDown.h" />
		<Unit filename="src/View/Cursor/Action/EmieMouseMoved.h" />
		<Unit filename="src/View/Cursor/Action/EmieMouseTripleClick.h" />
		<Unit filename="src/View/Cursor/Action/EmieMouseWheel.h" />
		<Unit filename="src/View/Cursor/Action/EmieRMouseLeftUp.h" />
		<Unit filename="src/View/Cursor/Action/EmieRMousePressedDown.h" />
		<Unit filename="src/View/Cursor/Action/IEmie.h" />
		<Unit filename="src/View/Cursor/Button/IMouseButton.h" />
		<Unit filename="src/View/Cursor/Button/MouseButton.h" />
		<Unit filename="src/View/Cursor/CursorConfig.h" />
		<Unit filename="src/View/Cursor/CursorEntity.h" />
		<Unit filename="src/View/Cursor/CursorFactory.h" />
		<Unit filename="src/View/Cursor/CursorService.h" />
		<Unit filename="src/View/Cursor/CursorServiceFactory.h" />
		<Unit filename="src/View/Cursor/ICursorEntity.h" />
		<Unit filename="src/View/Cursor/ICursorService.h" />
		<Unit filename="src/View/Environnement/Environnement.h" />
		<Unit filename="src/View/Environnement/EnvironnementFactory.h" />
		<Unit filename="src/View/Environnement/EnvironnementService.h" />
		<Unit filename="src/View/Environnement/EnvironnementServiceFactory.h" />
		<Unit filename="src/View/Environnement/IEnvironnement.h" />
		<Unit filename="src/View/Environnement/IEnvironnementService.h" />
		<Unit filename="src/View/Environnement/Item/BarMenu.h" />
		<Unit filename="src/View/Environnement/Item/BarRaccourci.h" />
		<Unit filename="src/View/Environnement/Item/FenInfo.h" />
		<Unit filename="src/View/Environnement/Item/FenSelect.h" />
		<Unit filename="src/View/Environnement/Item/Loading.h" />
		<Unit filename="src/View/EventReceiver/EventReceiverFactory.h" />
		<Unit filename="src/View/EventReceiver/IEventReceiverView.h" />
		<Unit filename="src/View/EventReceiver/ViewEventReceiver.h" />
		<Unit filename="src/View/IObjectView.h" />
		<Unit filename="src/View/IView.h" />
		<Unit filename="src/View/Keyboard/Action/Actions.h" />
		<Unit filename="src/View/Keyboard/Action/EKey.h" />
		<Unit filename="src/View/Keyboard/Action/IKey.h" />
		<Unit filename="src/View/Keyboard/Action/KeyC.h" />
		<Unit filename="src/View/Keyboard/Action/KeyD.h" />
		<Unit filename="src/View/Keyboard/Action/KeyEscap.h" />
		<Unit filename="src/View/Keyboard/Action/KeyF.h" />
		<Unit filename="src/View/Keyboard/Action/KeyP.h" />
		<Unit filename="src/View/Keyboard/Action/KeyQ.h" />
		<Unit filename="src/View/Keyboard/Action/KeyS.h" />
		<Unit filename="src/View/Keyboard/Action/KeyTab.h" />
		<Unit filename="src/View/Keyboard/Action/KeyV.h" />
		<Unit filename="src/View/Keyboard/Action/KeyW.h" />
		<Unit filename="src/View/Keyboard/Action/KeyX.h" />
		<Unit filename="src/View/Keyboard/IKeyboard.h" />
		<Unit filename="src/View/Keyboard/IKeyboardService.h" />
		<Unit filename="src/View/Keyboard/Keyboard.h" />
		<Unit filename="src/View/Keyboard/KeyboardFactory.h" />
		<Unit filename="src/View/Keyboard/KeyboardService.h" />
		<Unit filename="src/View/Keyboard/KeyboardServiceFactory.h" />
		<Unit filename="src/View/Player/IPlayerService.h" />
		<Unit filename="src/View/Player/IPlayerView.h" />
		<Unit filename="src/View/Player/PlayerService.h" />
		<Unit filename="src/View/Player/PlayerView.h" />
		<Unit filename="src/View/Player/PlayerViewFactory.h" />
		<Unit filename="src/View/Population/Accessories/Accessory.h" />
		<Unit filename="src/View/Population/Characters/Action/Action.h" />
		<Unit filename="src/View/Population/Characters/Action/Actions.h" />
		<Unit filename="src/View/Population/Characters/Action/DeplaceX.h" />
		<Unit filename="src/View/Population/Characters/Action/DeplaceY.h" />
		<Unit filename="src/View/Population/Characters/Action/DeplaceZ.h" />
		<Unit filename="src/View/Population/Characters/Action/IAction.h" />
		<Unit filename="src/View/Population/Characters/Character.h" />
		<Unit filename="src/View/Population/Characters/CharacterFactory.h" />
		<Unit filename="src/View/Population/Characters/CharacterService.h" />
		<Unit filename="src/View/Population/Characters/FPSCharacter/FPSCharacter.h" />
		<Unit filename="src/View/Population/Characters/FPSCharacter/FPSCharacterFactory.h" />
		<Unit filename="src/View/Population/Characters/FPSCharacter/FPSCharacterService.h" />
		<Unit filename="src/View/Population/Characters/FPSCharacter/IFPSCharacter.h" />
		<Unit filename="src/View/Population/Characters/ICharacter.h" />
		<Unit filename="src/View/Population/IPopulationService.h" />
		<Unit filename="src/View/Population/IPopulationView.h" />
		<Unit filename="src/View/Population/PopulationService.h" />
		<Unit filename="src/View/Population/PopulationServiceFactory.h" />
		<Unit filename="src/View/Population/PopulationView.h" />
		<Unit filename="src/View/Population/PopulationViewFactory.h" />
		<Unit filename="src/View/SceneNode/ISceneNode.h" />
		<Unit filename="src/View/SceneNode/ISceneNodeService.h" />
		<Unit filename="src/View/SceneNode/SceneNode.h" />
		<Unit filename="src/View/SceneNode/SceneNodeFactory.h" />
		<Unit filename="src/View/SceneNode/SceneNodeService.h" />
		<Unit filename="src/View/SceneNode/SceneNodeServiceFactory.h" />
		<Unit filename="src/View/Selector/ISelectorEntity.h" />
		<Unit filename="src/View/Selector/ISelectorService.h" />
		<Unit filename="src/View/Selector/SelectorEntity.h" />
		<Unit filename="src/View/Selector/SelectorService.h" />
		<Unit filename="src/View/Sky/Action/ChangeSky.h" />
		<Unit filename="src/View/Sky/Action/IAction.h" />
		<Unit filename="src/View/Sky/ISkyService.h" />
		<Unit filename="src/View/Sky/ISkyView.h" />
		<Unit filename="src/View/Sky/SkyService.h" />
		<Unit filename="src/View/Sky/SkyServiceFactory.h" />
		<Unit filename="src/View/Sky/SkyServicefactory.h" />
		<Unit filename="src/View/Sky/SkyView.h" />
		<Unit filename="src/View/Sky/SkyViewFactory.h" />
		<Unit filename="src/View/Sound/Action/Actions.h" />
		<Unit filename="src/View/Sound/Action/ESound.h" />
		<Unit filename="src/View/Sound/Action/ISound.h" />
		<Unit filename="src/View/Sound/Action/Impact.h" />
		<Unit filename="src/View/Sound/ISoundService.h" />
		<Unit filename="src/View/Sound/SoundEntity.h" />
		<Unit filename="src/View/Sound/SoundService.h" />
		<Unit filename="src/View/Terrain/Action/IAction.h" />
		<Unit filename="src/View/Terrain/Action/MapDetail.h" />
		<Unit filename="src/View/Terrain/Action/MapPoint.h" />
		<Unit filename="src/View/Terrain/Action/MapTriangle.h" />
		<Unit filename="src/View/Terrain/ITerrainService.h" />
		<Unit filename="src/View/Terrain/ITerrainView.h" />
		<Unit filename="src/View/Terrain/TerrainService.h" />
		<Unit filename="src/View/Terrain/TerrainServiceFactory.h" />
		<Unit filename="src/View/Terrain/TerrainView.h" />
		<Unit filename="src/View/Terrain/TerrainViewFactory.h" />
		<Unit filename="src/View/Vegetal/IVegetalEntity.h" />
		<Unit filename="src/View/Vegetal/IVegetalService.h" />
		<Unit filename="src/View/Vegetal/VegetalService.h" />
		<Unit filename="src/View/Vegetal/VegetalServiceFactory.h" />
		<Unit filename="src/View/View.cpp" />
		<Unit filename="src/View/View.h" />
		<Unit filename="src/View/ViewConfig.h" />
		<Unit filename="src/View/ViewFactory.h" />
		<Unit filename="src/View2d/Action/Actions.h" />
		<Unit filename="src/View2d/Action/Mode2d.h" />
		<Unit filename="src/View2d/Camera/2D.h" />
		<Unit filename="src/View2d/Camera/Camera2dFactory.h" />
		<Unit filename="src/View2d/Camera/Camera2dService.h" />
		<Unit filename="src/View2d/Camera/Camera2dServiceFactory.h" />
		<Unit filename="src/View2d/Cursor/Cursor2dConfig.h" />
		<Unit filename="src/View2d/Cursor/Cursor2dEntity.h" />
		<Unit filename="src/View2d/Cursor/Cursor2dFactory.h" />
		<Unit filename="src/View2d/Cursor/Cursor2dService.h" />
		<Unit filename="src/View2d/Cursor/Cursor2dServiceFactory.h" />
		<Unit filename="src/View2d/Environnement/Environnement2dService.h" />
		<Unit filename="src/View2d/Environnement/Environnement2dServiceFactory.h" />
		<Unit filename="src/View2d/Keyboard/Action/Actions.h" />
		<Unit filename="src/View2d/Keyboard/Action/EKey.h" />
		<Unit filename="src/View2d/Keyboard/Action/KeyC.h" />
		<Unit filename="src/View2d/Keyboard/Action/KeyD.h" />
		<Unit filename="src/View2d/Keyboard/Action/KeyEscap.h" />
		<Unit filename="src/View2d/Keyboard/Action/KeyF.h" />
		<Unit filename="src/View2d/Keyboard/Action/KeyP.h" />
		<Unit filename="src/View2d/Keyboard/Action/KeyQ.h" />
		<Unit filename="src/View2d/Keyboard/Action/KeyS.h" />
		<Unit filename="src/View2d/Keyboard/Action/KeyTab.h" />
		<Unit filename="src/View2d/Keyboard/Action/KeyV.h" />
		<Unit filename="src/View2d/Keyboard/Action/KeyW.h" />
		<Unit filename="src/View2d/Keyboard/Action/KeyX.h" />
		<Unit filename="src/View2d/Keyboard/Keyboard2d.h" />
		<Unit filename="src/View2d/Keyboard/Keyboard2dFactory.h" />
		<Unit filename="src/View2d/Keyboard/Keyboard2dService.h" />
		<Unit filename="src/View2d/Keyboard/Keyboard2dServiceFactory.h" />
		<Unit filename="src/View2d/Keyboard/KeyboardEditor.h" />
		<Unit filename="src/View2d/Keyboard/KeyboardEditorFactory.h" />
		<Unit filename="src/View2d/SceneNode/ISceneNode2d.h" />
		<Unit filename="src/View2d/SceneNode/ISceneNode2dService.h" />
		<Unit filename="src/View2d/SceneNode/SceneNode2d.h" />
		<Unit filename="src/View2d/SceneNode/SceneNode2dFactory.h" />
		<Unit filename="src/View2d/SceneNode/SceneNode2dService.h" />
		<Unit filename="src/View2d/SceneNode/SceneNode2dServiceFactory.h" />
		<Unit filename="src/View2d/View2d.h" />
		<Unit filename="src/View2d/View2dFactory.h" />
		<Unit filename="src/View3d/Action/Actions.h" />
		<Unit filename="src/View3d/Action/ModeFPS.h" />
		<Unit filename="src/View3d/Action/ModeRPG.h" />
		<Unit filename="src/View3d/Action/ModeRTS.h" />
		<Unit filename="src/View3d/Camera/Camera3dService.h" />
		<Unit filename="src/View3d/Camera/Camera3dServiceFactory.h" />
		<Unit filename="src/View3d/Camera/CameraEditorFactory.h" />
		<Unit filename="src/View3d/Camera/CameraFPSFactory.h" />
		<Unit filename="src/View3d/Camera/CameraRPGFactory.h" />
		<Unit filename="src/View3d/Camera/CameraRTSFactory.h" />
		<Unit filename="src/View3d/Camera/Editor.h" />
		<Unit filename="src/View3d/Camera/FPS.h" />
		<Unit filename="src/View3d/Camera/RPG.h" />
		<Unit filename="src/View3d/Camera/RTS.h" />
		<Unit filename="src/View3d/Population/PopulationFPSService.h" />
		<Unit filename="src/View3d/Population/PopulationFPSServiceFactory.h" />
		<Unit filename="src/View3d/Population/PopulationFPSView.h" />
		<Unit filename="src/View3d/Population/PopulationFPSViewFactory.h" />
		<Unit filename="src/View3d/SceneNode/ISceneNode3d.h" />
		<Unit filename="src/View3d/SceneNode/ISceneNode3dService.h" />
		<Unit filename="src/View3d/SceneNode/SceneNode3d.h" />
		<Unit filename="src/View3d/SceneNode/SceneNode3dFactory.h" />
		<Unit filename="src/View3d/SceneNode/SceneNode3dService.h" />
		<Unit filename="src/View3d/SceneNode/SceneNode3dServiceFactory.h" />
		<Unit filename="src/View3d/View3d.h" />
		<Unit filename="src/View3d/View3dFactory.h" />
		<Unit filename="src/ViewMenu/ViewMenu.h" />
		<Unit filename="src/ViewMenu/ViewMenuFactory.h" />
		<Extensions>
			<code_completion />
			<debugger />
		</Extensions>
	</Project>
</CodeBlocks_project_file>
