<?xml version="1.0" encoding="UTF-8" standalone="yes" ?>
<CodeBlocks_project_file>
	<FileVersion major="1" minor="6" />
	<Project>
		<Option title="GraphiqueEngine" />
		<Option pch_mode="2" />
		<Option compiler="gcc" />
		<Build>
			<Target title="Debug">
				<Option output="bin/Debug/GraphiqueEngine" prefix_auto="1" extension_auto="1" />
				<Option object_output="obj/Debug/" />
				<Option type="1" />
				<Option compiler="gcc" />
				<Compiler>
					<Add option="-g" />
					<Add directory="./include" />
					<Add directory="../../../Sources/irrlicht-1.6.1/include" />
				</Compiler>
				<Linker>
					<Add library="lib/liblibkutility.so" />
					<Add library="lib/libkadriciel.a" />
					<Add library="Irrlicht" />
					<Add library="GL" />
					<Add library="GLU" />
					<Add library="Xxf86vm" />
					<Add library="Xext" />
					<Add library="X11" />
					<Add directory="lib" />
					<Add directory="../../../Sources/irrlicht-1.6.1/lib/linux" />
					<Add directory="/usr/X11R6/lib$(LIBSELECT)" />
				</Linker>
			</Target>
			<Target title="Release">
				<Option output="bin/Release/GraphiqueEngine" prefix_auto="1" extension_auto="1" />
				<Option object_output="obj/Release/" />
				<Option type="1" />
				<Option compiler="gcc" />
				<Compiler>
					<Add option="-O2" />
				</Compiler>
				<Linker>
					<Add option="-s" />
				</Linker>
			</Target>
		</Build>
		<Compiler>
			<Add option="-Wall" />
			<Add directory="./include" />
		</Compiler>
		<Linker>
			<Add library="lib/libkadriciel.a" />
			<Add library="lib/liblibkutility.so" />
			<Add directory="./lib" />
		</Linker>
		<Unit filename="main.cpp" />
		<Unit filename="src/Business/AccessoryEntity.h" />
		<Unit filename="src/Business/AccessoryFactory.h" />
		<Unit filename="src/Business/BusinessEntity.h" />
		<Unit filename="src/Business/BusinessFactory.h" />
		<Unit filename="src/Business/BusinessInterface.h" />
		<Unit filename="src/Business/BusinessService.h" />
		<Unit filename="src/Business/Character/CharacterEntity.h" />
		<Unit filename="src/Business/Character/CharacterFactory.h" />
		<Unit filename="src/Business/Character/ICharacterEntity.h" />
		<Unit filename="src/Business/Character/Mesh/EMesh.h" />
		<Unit filename="src/Business/Character/Texture/ETexture.h" />
		<Unit filename="src/Business/Character/Vector3d/IVector3d.h" />
		<Unit filename="src/Business/Character/Vector3d/Vector3d.h" />
		<Unit filename="src/Business/GroundEntity.cpp" />
		<Unit filename="src/Business/GroundEntity.h" />
		<Unit filename="src/Business/GroundFactory.h" />
		<Unit filename="src/Business/IAccessoryEntity.h" />
		<Unit filename="src/Business/IBusinessEntity.h" />
		<Unit filename="src/Business/IGroundEntity.h" />
		<Unit filename="src/Business/IPlayerEntity.h" />
		<Unit filename="src/Business/IPopulationEntity.h" />
		<Unit filename="src/Business/ISkyEntity.h" />
		<Unit filename="src/Business/PlayerEntity.h" />
		<Unit filename="src/Business/PlayerFactory.h" />
		<Unit filename="src/Business/PopulationEntity.h" />
		<Unit filename="src/Business/PopulationFactory.h" />
		<Unit filename="src/Business/SkyEntity.cpp" />
		<Unit filename="src/Business/SkyEntity.h" />
		<Unit filename="src/Business/SkyFactory.h" />
		<Unit filename="src/GraphiqueEngine.h" />
		<Unit filename="src/GraphiqueEngineFactory.h" />
		<Unit filename="src/IGraphiqueEngine.h" />
		<Unit filename="src/Kutility/IReferenceStructure.h" />
		<Unit filename="src/Kutility/TList/TList.h" />
		<Unit filename="src/Kutility/TList/TListe.cpp" />
		<Unit filename="src/Kutility/TList/TNoeudListe.cpp" />
		<Unit filename="src/Kutility/TList/TNoeudListe.h" />
		<Unit filename="src/Kutility/kutility.h" />
		<Unit filename="src/View/Action/EActionEvent.h" />
		<Unit filename="src/View/Action/IActionKey.h" />
		<Unit filename="src/View/Action/IActionKeyW.h" />
		<Unit filename="src/View/Building/IBuildingEntity.h" />
		<Unit filename="src/View/Camera/Camera.h" />
		<Unit filename="src/View/Camera/CameraFactory.h" />
		<Unit filename="src/View/Camera/FPS/FPS.h" />
		<Unit filename="src/View/Camera/FPS/FPSFactory.h" />
		<Unit filename="src/View/Camera/ICamera.h" />
		<Unit filename="src/View/Cursor/ICursorEntity.h" />
		<Unit filename="src/View/Environnement/Environnement.h" />
		<Unit filename="src/View/Environnement/EnvironnementFactory.h" />
		<Unit filename="src/View/Environnement/IEnvironnement.h" />
		<Unit filename="src/View/EventReceiver/EventReceiverFactory.h" />
		<Unit filename="src/View/EventReceiver/IEventReceiverView.h" />
		<Unit filename="src/View/EventReceiver/ViewEventReceiver.h" />
		<Unit filename="src/View/IObjectView.h" />
		<Unit filename="src/View/IView.h" />
		<Unit filename="src/View/Player/IPlayerView.h" />
		<Unit filename="src/View/Player/PlayerView.h" />
		<Unit filename="src/View/Player/PlayerViewFactory.h" />
		<Unit filename="src/View/Population/Accessories/Accessory.h" />
		<Unit filename="src/View/Population/Characters/Character.h" />
		<Unit filename="src/View/Population/Characters/CharacterFactory.h" />
		<Unit filename="src/View/Population/Characters/CharacterService.h" />
		<Unit filename="src/View/Population/Characters/ICharacter.h" />
		<Unit filename="src/View/Population/IPopulationView.h" />
		<Unit filename="src/View/Population/PopulationView.h" />
		<Unit filename="src/View/Population/PopulationViewFactory.h" />
		<Unit filename="src/View/Selector/ISelectorEntity.h" />
		<Unit filename="src/View/Selector/SelectorEntity.h" />
		<Unit filename="src/View/Selector/SelectorService.h" />
		<Unit filename="src/View/Sky/ISkyView.h" />
		<Unit filename="src/View/Sky/SkyView.h" />
		<Unit filename="src/View/Sky/SkyViewFactory.h" />
		<Unit filename="src/View/Sound/SoundService.h" />
		<Unit filename="src/View/Terrain/ITerrainView.h" />
		<Unit filename="src/View/Terrain/TerrainView.h" />
		<Unit filename="src/View/Terrain/TerrainViewFactory.h" />
		<Unit filename="src/View/Texture/ETexture.h" />
		<Unit filename="src/View/Vegetal/IVegetalEntity.h" />
		<Unit filename="src/View/View.cpp" />
		<Unit filename="src/View/View.h" />
		<Unit filename="src/View/ViewConfig.h" />
		<Unit filename="src/View/ViewInterface.h" />
		<Extensions>
			<code_completion />
			<debugger />
		</Extensions>
	</Project>
</CodeBlocks_project_file>
